
Microsoft Visual Studio Solution File, Format Version 12.00
# Visual Studio 2013
VisualStudioVersion = 12.0.40629.0
MinimumVisualStudioVersion = 10.0.40219.1
Project("{FAE04EC0-301F-11D3-BF4B-00C04F79EFBC}") = "Skills", "Skills\Skills.csproj", "{67357DDF-2389-458D-81B3-34C71EF0B5AA}"
EndProject
Project("{2150E333-8FDC-42A3-9474-1A3956D46DE8}") = "Tests", "Tests", "{8E981413-0208-41A1-9CB2-95AA33BE5DFC}"
EndProject
Project("{FAE04EC0-301F-11D3-BF4B-00C04F79EFBC}") = "SkillsTests", "SkillsTests\SkillsTests.csproj", "{75F20BBD-E8AC-434E-AF27-125978374A97}"
EndProject
Global
	GlobalSection(SolutionConfigurationPlatforms) = preSolution
		Debug|Any CPU = Debug|Any CPU
		Release|Any CPU = Release|Any CPU
	EndGlobalSection
	GlobalSection(ProjectConfigurationPlatforms) = postSolution
		{67357DDF-2389-458D-81B3-34C71EF0B5AA}.Debug|Any CPU.ActiveCfg = Debug|Any CPU
		{67357DDF-2389-458D-81B3-34C71EF0B5AA}.Debug|Any CPU.Build.0 = Debug|Any CPU
		{67357DDF-2389-458D-81B3-34C71EF0B5AA}.Release|Any CPU.ActiveCfg = Release|Any CPU
		{67357DDF-2389-458D-81B3-34C71EF0B5AA}.Release|Any CPU.Build.0 = Release|Any CPU
		{75F20BBD-E8AC-434E-AF27-125978374A97}.Debug|Any CPU.ActiveCfg = Debug|Any CPU
		{75F20BBD-E8AC-434E-AF27-125978374A97}.Debug|Any CPU.Build.0 = Debug|Any CPU
		{75F20BBD-E8AC-434E-AF27-125978374A97}.Release|Any CPU.ActiveCfg = Release|Any CPU
		{75F20BBD-E8AC-434E-AF27-125978374A97}.Release|Any CPU.Build.0 = Release|Any CPU
	EndGlobalSection
	GlobalSection(SolutionProperties) = preSolution
		HideSolutionNode = FALSE
	EndGlobalSection
	GlobalSection(NestedProjects) = preSolution
		{75F20BBD-E8AC-434E-AF27-125978374A97} = {8E981413-0208-41A1-9CB2-95AA33BE5DFC}
	EndGlobalSection
EndGlobal
